
Microsoft Visual Studio Solution File, Format Version 12.00
# Visual Studio Version 16
VisualStudioVersion = 16.0.30011.22
MinimumVisualStudioVersion = 10.0.40219.1
Project("{9A19103F-16F7-4668-BE54-9A1E7A4F7556}") = "WebApi", "..\..\TWOAPI\aspnet-core-role-based-authorization-api\WebApi.csproj", "{D787D41E-025D-4114-B9C5-DAC336A69B13}"
EndProject
Global
	GlobalSection(SolutionConfigurationPlatforms) = preSolution
		Debug|Any CPU = Debug|Any CPU
		Release|Any CPU = Release|Any CPU
	EndGlobalSection
	GlobalSection(ProjectConfigurationPlatforms) = postSolution
		{D787D41E-025D-4114-B9C5-DAC336A69B13}.Debug|Any CPU.ActiveCfg = Debug|Any CPU
		{D787D41E-025D-4114-B9C5-DAC336A69B13}.Debug|Any CPU.Build.0 = Debug|Any CPU
		{D787D41E-025D-4114-B9C5-DAC336A69B13}.Release|Any CPU.ActiveCfg = Release|Any CPU
		{D787D41E-025D-4114-B9C5-DAC336A69B13}.Release|Any CPU.Build.0 = Release|Any CPU
	EndGlobalSection
	GlobalSection(SolutionProperties) = preSolution
		HideSolutionNode = FALSE
	EndGlobalSection
	GlobalSection(ExtensibilityGlobals) = postSolution
		SolutionGuid = {3F490F0C-E01F-4F9E-8261-2F6CEA25CD7D}
	EndGlobalSection
EndGlobal
