
Microsoft Visual Studio Solution File, Format Version 12.00
# Visual Studio Version 16
VisualStudioVersion = 16.0.30011.22
MinimumVisualStudioVersion = 10.0.40219.1
Project("{FAE04EC0-301F-11D3-BF4B-00C04F79EFBC}") = "TernaryOperator", "TernaryOperator\TernaryOperator.csproj", "{3556B4A2-8C44-42E3-9F7A-D64ABBCDCA02}"
EndProject
Global
	GlobalSection(SolutionConfigurationPlatforms) = preSolution
		Debug|Any CPU = Debug|Any CPU
		Release|Any CPU = Release|Any CPU
	EndGlobalSection
	GlobalSection(ProjectConfigurationPlatforms) = postSolution
		{3556B4A2-8C44-42E3-9F7A-D64ABBCDCA02}.Debug|Any CPU.ActiveCfg = Debug|Any CPU
		{3556B4A2-8C44-42E3-9F7A-D64ABBCDCA02}.Debug|Any CPU.Build.0 = Debug|Any CPU
		{3556B4A2-8C44-42E3-9F7A-D64ABBCDCA02}.Release|Any CPU.ActiveCfg = Release|Any CPU
		{3556B4A2-8C44-42E3-9F7A-D64ABBCDCA02}.Release|Any CPU.Build.0 = Release|Any CPU
	EndGlobalSection
	GlobalSection(SolutionProperties) = preSolution
		HideSolutionNode = FALSE
	EndGlobalSection
	GlobalSection(ExtensibilityGlobals) = postSolution
		SolutionGuid = {56CD71A2-F699-4D0B-92E4-E47E6F73B4BA}
	EndGlobalSection
EndGlobal
